
Microsoft Visual Studio Solution File, Format Version 12.00
# Visual Studio Version 17
VisualStudioVersion = 17.4.33122.133
MinimumVisualStudioVersion = 10.0.40219.1
Project("{FAE04EC0-301F-11D3-BF4B-00C04F79EFBC}") = "HFCSGuysEx", "HFCSGuysEx.csproj", "{4E1385D9-36F5-4863-AC33-9F31B1880853}"
EndProject
Global
	GlobalSection(SolutionConfigurationPlatforms) = preSolution
		Debug|Any CPU = Debug|Any CPU
		Release|Any CPU = Release|Any CPU
	EndGlobalSection
	GlobalSection(ProjectConfigurationPlatforms) = postSolution
		{4E1385D9-36F5-4863-AC33-9F31B1880853}.Debug|Any CPU.ActiveCfg = Debug|Any CPU
		{4E1385D9-36F5-4863-AC33-9F31B1880853}.Debug|Any CPU.Build.0 = Debug|Any CPU
		{4E1385D9-36F5-4863-AC33-9F31B1880853}.Release|Any CPU.ActiveCfg = Release|Any CPU
		{4E1385D9-36F5-4863-AC33-9F31B1880853}.Release|Any CPU.Build.0 = Release|Any CPU
	EndGlobalSection
	GlobalSection(SolutionProperties) = preSolution
		HideSolutionNode = FALSE
	EndGlobalSection
	GlobalSection(ExtensibilityGlobals) = postSolution
		SolutionGuid = {E1FBC9B0-976F-4CDE-B2ED-772DA68CD5EF}
	EndGlobalSection
EndGlobal
