
Microsoft Visual Studio Solution File, Format Version 12.00
# Visual Studio Version 17
VisualStudioVersion = 17.4.33122.133
MinimumVisualStudioVersion = 10.0.40219.1
Project("{FAE04EC0-301F-11D3-BF4B-00C04F79EFBC}") = "HFCSEx1", "HFCSEx1.csproj", "{B154D01A-7A9F-4EFD-9E0F-2F3F16C63E5D}"
EndProject
Global
	GlobalSection(SolutionConfigurationPlatforms) = preSolution
		Debug|Any CPU = Debug|Any CPU
		Release|Any CPU = Release|Any CPU
	EndGlobalSection
	GlobalSection(ProjectConfigurationPlatforms) = postSolution
		{B154D01A-7A9F-4EFD-9E0F-2F3F16C63E5D}.Debug|Any CPU.ActiveCfg = Debug|Any CPU
		{B154D01A-7A9F-4EFD-9E0F-2F3F16C63E5D}.Debug|Any CPU.Build.0 = Debug|Any CPU
		{B154D01A-7A9F-4EFD-9E0F-2F3F16C63E5D}.Release|Any CPU.ActiveCfg = Release|Any CPU
		{B154D01A-7A9F-4EFD-9E0F-2F3F16C63E5D}.Release|Any CPU.Build.0 = Release|Any CPU
	EndGlobalSection
	GlobalSection(SolutionProperties) = preSolution
		HideSolutionNode = FALSE
	EndGlobalSection
	GlobalSection(ExtensibilityGlobals) = postSolution
		SolutionGuid = {BFFF0706-12FE-4849-A85D-C9D8004C0484}
	EndGlobalSection
EndGlobal
