
Microsoft Visual Studio Solution File, Format Version 12.00
# Visual Studio Version 17
VisualStudioVersion = 17.4.33122.133
MinimumVisualStudioVersion = 10.0.40219.1
Project("{FAE04EC0-301F-11D3-BF4B-00C04F79EFBC}") = "HFCSEx1", "HFCSEx1.csproj", "{3B39A304-4669-4027-AB7A-1672A650B8A8}"
EndProject
Global
	GlobalSection(SolutionConfigurationPlatforms) = preSolution
		Debug|Any CPU = Debug|Any CPU
		Release|Any CPU = Release|Any CPU
	EndGlobalSection
	GlobalSection(ProjectConfigurationPlatforms) = postSolution
		{3B39A304-4669-4027-AB7A-1672A650B8A8}.Debug|Any CPU.ActiveCfg = Debug|Any CPU
		{3B39A304-4669-4027-AB7A-1672A650B8A8}.Debug|Any CPU.Build.0 = Debug|Any CPU
		{3B39A304-4669-4027-AB7A-1672A650B8A8}.Release|Any CPU.ActiveCfg = Release|Any CPU
		{3B39A304-4669-4027-AB7A-1672A650B8A8}.Release|Any CPU.Build.0 = Release|Any CPU
	EndGlobalSection
	GlobalSection(SolutionProperties) = preSolution
		HideSolutionNode = FALSE
	EndGlobalSection
	GlobalSection(ExtensibilityGlobals) = postSolution
		SolutionGuid = {11E0E47D-20AA-4CB2-ACF1-BC969435D854}
	EndGlobalSection
EndGlobal
