
Microsoft Visual Studio Solution File, Format Version 12.00
# Visual Studio Version 17
VisualStudioVersion = 17.4.33122.133
MinimumVisualStudioVersion = 10.0.40219.1
Project("{FAE04EC0-301F-11D3-BF4B-00C04F79EFBC}") = "HFCSColorChangeEx", "HFCSColorChangeEx.csproj", "{FC155E04-B695-474B-9E2B-B754FCB8FF5B}"
EndProject
Global
	GlobalSection(SolutionConfigurationPlatforms) = preSolution
		Debug|Any CPU = Debug|Any CPU
		Release|Any CPU = Release|Any CPU
	EndGlobalSection
	GlobalSection(ProjectConfigurationPlatforms) = postSolution
		{FC155E04-B695-474B-9E2B-B754FCB8FF5B}.Debug|Any CPU.ActiveCfg = Debug|Any CPU
		{FC155E04-B695-474B-9E2B-B754FCB8FF5B}.Debug|Any CPU.Build.0 = Debug|Any CPU
		{FC155E04-B695-474B-9E2B-B754FCB8FF5B}.Release|Any CPU.ActiveCfg = Release|Any CPU
		{FC155E04-B695-474B-9E2B-B754FCB8FF5B}.Release|Any CPU.Build.0 = Release|Any CPU
	EndGlobalSection
	GlobalSection(SolutionProperties) = preSolution
		HideSolutionNode = FALSE
	EndGlobalSection
	GlobalSection(ExtensibilityGlobals) = postSolution
		SolutionGuid = {854DFA18-3457-4B97-A7B9-BDB24CFD2A30}
	EndGlobalSection
EndGlobal
